github.com/cshoe/advent-of-code v0.0.0-20201202204838-c93ff301f61c h1:XDRCqofqMTVtsKBs7wM75kqVHIPeuz7qtcqy247XWSM=
github.com/cshoe/advent-of-code/2020/2/pwdb v0.0.0-20201202204838-c93ff301f61c h1:LTrkITeFmdAs1Q65eD+GGU52Ji+3O0BxXtBKHuI6WB0=
github.com/cshoe/advent-of-code/2020/2/pwdb v0.0.0-20201202204838-c93ff301f61c/go.mod h1:bGtRUtVbvJVg245mjdP2O1iKbebq1gPPRnFkkSFPVzk=
